
Microsoft Visual Studio Solution File, Format Version 12.00
# Visual Studio Version 17
VisualStudioVersion = 17.14.36518.9
MinimumVisualStudioVersion = 10.0.40219.1
Project("{2150E333-8FDC-42A3-9474-1A3956D46DE8}") = "Task0", "Task0", "{02EA681E-C7D8-13C7-8484-4AC65E1B71E8}"
EndProject
Project("{FAE04EC0-301F-11D3-BF4B-00C04F79EFBC}") = "Tyuiu.KilikaevRV.Sprint6.Task0.V8.Lib", "Tyuiu.KilikaevRV.Sprint6.Task0.V8.Lib\Tyuiu.KilikaevRV.Sprint6.Task0.V8.Lib.csproj", "{7BD787AD-D7A1-4F37-9359-A252312635A6}"
EndProject
Project("{FAE04EC0-301F-11D3-BF4B-00C04F79EFBC}") = "Tyuiu.KilikaevRV.Sprint6.Task0.V8.Test", "Tyuiu.KilikaevRV.Sprint6.Task0.V8.Test\Tyuiu.KilikaevRV.Sprint6.Task0.V8.Test.csproj", "{CF311497-0AFC-412C-B9B6-C307CA5FB7D9}"
EndProject
Project("{FAE04EC0-301F-11D3-BF4B-00C04F79EFBC}") = "Tyuiu.KilikaevRV.Sprint6.Task0.V8", "Tyuiu.KilikaevRV.Sprint6.Task0.V8\Tyuiu.KilikaevRV.Sprint6.Task0.V8.csproj", "{90D24EC3-A73F-4AA6-AAF6-CD1F9DE92BA5}"
EndProject
Project("{2150E333-8FDC-42A3-9474-1A3956D46DE8}") = "Task1", "Task1", "{94131791-8C8D-4280-A7A6-D420BA994DD4}"
EndProject
Project("{FAE04EC0-301F-11D3-BF4B-00C04F79EFBC}") = "Tyuiu.KilikaevRV.Sprint6.Task1.V26.Test", "Tyuiu.KilikaevRV.Sprint6.Task1.V26.Test\Tyuiu.KilikaevRV.Sprint6.Task1.V26.Test.csproj", "{9B4C38E1-3412-406F-AE60-3967DDB07873}"
EndProject
Project("{FAE04EC0-301F-11D3-BF4B-00C04F79EFBC}") = "Tyuiu.KilikaevRV.Sprint6.Task1.V26.Lib", "Tyuiu.KilikaevRV.Sprint6.Task1.V26.Lib\Tyuiu.KilikaevRV.Sprint6.Task1.V26.Lib.csproj", "{FFED465B-F410-45F5-A682-0012391B684C}"
EndProject
Project("{FAE04EC0-301F-11D3-BF4B-00C04F79EFBC}") = "Tyuiu.KilikaevRV.Sprint6.Task1.V26", "Tyuiu.KilikaevRV.Sprint6.Task1.V26\Tyuiu.KilikaevRV.Sprint6.Task1.V26.csproj", "{E431E6C5-F135-4576-9A03-578563E35DE3}"
EndProject
Project("{2150E333-8FDC-42A3-9474-1A3956D46DE8}") = "Task2", "Task2", "{E2D5A12A-1451-4CFC-A23A-4900AEB53252}"
EndProject
Project("{FAE04EC0-301F-11D3-BF4B-00C04F79EFBC}") = "Tyuiu.KilikaevRV.Sprint6.Task2.V12.Lib", "Tyuiu.KilikaevRV.Sprint6.Task2.V12.Lib\Tyuiu.KilikaevRV.Sprint6.Task2.V12.Lib.csproj", "{FCA61C57-2F0E-4A6F-B3B7-572B1FFF5E5C}"
EndProject
Project("{FAE04EC0-301F-11D3-BF4B-00C04F79EFBC}") = "Tyuiu.KilikaevRV.Sprint6.Task2.V12", "Tyuiu.KilikaevRV.Sprint6.Task2.V12\Tyuiu.KilikaevRV.Sprint6.Task2.V12.csproj", "{15E1C05C-EA79-44A1-A262-2EB7E5BD6EBE}"
EndProject
Project("{FAE04EC0-301F-11D3-BF4B-00C04F79EFBC}") = "Tyuiu.KilikaevRV.Sprint6.Task2.V12.Test", "Tyuiu.KilikaevRV.Sprint6.Task2.V12.Test\Tyuiu.KilikaevRV.Sprint6.Task2.V12.Test.csproj", "{C645C960-10F7-4872-881F-0444A76610D7}"
EndProject
Project("{2150E333-8FDC-42A3-9474-1A3956D46DE8}") = "Task3", "Task3", "{04946B29-C94E-4B49-A3A6-243A5805D1A3}"
EndProject
Project("{FAE04EC0-301F-11D3-BF4B-00C04F79EFBC}") = "Tyuiu.KilikaevRV.Sprint6.Task3.V20", "Tyuiu.KilikaevRV.Sprint6.Task3.V20\Tyuiu.KilikaevRV.Sprint6.Task3.V20.csproj", "{2E366DC5-A09C-40C9-96EF-55C3F10787AC}"
EndProject
Project("{FAE04EC0-301F-11D3-BF4B-00C04F79EFBC}") = "Tyuiu.KilikaevRV.Sprint6.Task3.V20.Lib", "Tyuiu.KilikaevRV.Sprint6.Task3.V20.Lib\Tyuiu.KilikaevRV.Sprint6.Task3.V20.Lib.csproj", "{4D59BF3D-082E-45E8-8EAA-95D992E418C1}"
EndProject
Project("{FAE04EC0-301F-11D3-BF4B-00C04F79EFBC}") = "Tyuiu.KilikaevRV.Sprint6.Task3.V20.Test", "Tyuiu.KilikaevRV.Sprint6.Task3.V20.Test\Tyuiu.KilikaevRV.Sprint6.Task3.V20.Test.csproj", "{3510745A-B366-4E67-8EAB-EBB794B95ADE}"
EndProject
Global
	GlobalSection(SolutionConfigurationPlatforms) = preSolution
		Debug|Any CPU = Debug|Any CPU
		Release|Any CPU = Release|Any CPU
	EndGlobalSection
	GlobalSection(ProjectConfigurationPlatforms) = postSolution
		{7BD787AD-D7A1-4F37-9359-A252312635A6}.Debug|Any CPU.ActiveCfg = Debug|Any CPU
		{7BD787AD-D7A1-4F37-9359-A252312635A6}.Debug|Any CPU.Build.0 = Debug|Any CPU
		{7BD787AD-D7A1-4F37-9359-A252312635A6}.Release|Any CPU.ActiveCfg = Release|Any CPU
		{7BD787AD-D7A1-4F37-9359-A252312635A6}.Release|Any CPU.Build.0 = Release|Any CPU
		{CF311497-0AFC-412C-B9B6-C307CA5FB7D9}.Debug|Any CPU.ActiveCfg = Debug|Any CPU
		{CF311497-0AFC-412C-B9B6-C307CA5FB7D9}.Debug|Any CPU.Build.0 = Debug|Any CPU
		{CF311497-0AFC-412C-B9B6-C307CA5FB7D9}.Release|Any CPU.ActiveCfg = Release|Any CPU
		{CF311497-0AFC-412C-B9B6-C307CA5FB7D9}.Release|Any CPU.Build.0 = Release|Any CPU
		{90D24EC3-A73F-4AA6-AAF6-CD1F9DE92BA5}.Debug|Any CPU.ActiveCfg = Debug|Any CPU
		{90D24EC3-A73F-4AA6-AAF6-CD1F9DE92BA5}.Debug|Any CPU.Build.0 = Debug|Any CPU
		{90D24EC3-A73F-4AA6-AAF6-CD1F9DE92BA5}.Release|Any CPU.ActiveCfg = Release|Any CPU
		{90D24EC3-A73F-4AA6-AAF6-CD1F9DE92BA5}.Release|Any CPU.Build.0 = Release|Any CPU
		{9B4C38E1-3412-406F-AE60-3967DDB07873}.Debug|Any CPU.ActiveCfg = Debug|Any CPU
		{9B4C38E1-3412-406F-AE60-3967DDB07873}.Debug|Any CPU.Build.0 = Debug|Any CPU
		{9B4C38E1-3412-406F-AE60-3967DDB07873}.Release|Any CPU.ActiveCfg = Release|Any CPU
		{9B4C38E1-3412-406F-AE60-3967DDB07873}.Release|Any CPU.Build.0 = Release|Any CPU
		{FFED465B-F410-45F5-A682-0012391B684C}.Debug|Any CPU.ActiveCfg = Debug|Any CPU
		{FFED465B-F410-45F5-A682-0012391B684C}.Debug|Any CPU.Build.0 = Debug|Any CPU
		{FFED465B-F410-45F5-A682-0012391B684C}.Release|Any CPU.ActiveCfg = Release|Any CPU
		{FFED465B-F410-45F5-A682-0012391B684C}.Release|Any CPU.Build.0 = Release|Any CPU
		{E431E6C5-F135-4576-9A03-578563E35DE3}.Debug|Any CPU.ActiveCfg = Debug|Any CPU
		{E431E6C5-F135-4576-9A03-578563E35DE3}.Debug|Any CPU.Build.0 = Debug|Any CPU
		{E431E6C5-F135-4576-9A03-578563E35DE3}.Release|Any CPU.ActiveCfg = Release|Any CPU
		{E431E6C5-F135-4576-9A03-578563E35DE3}.Release|Any CPU.Build.0 = Release|Any CPU
		{FCA61C57-2F0E-4A6F-B3B7-572B1FFF5E5C}.Debug|Any CPU.ActiveCfg = Debug|Any CPU
		{FCA61C57-2F0E-4A6F-B3B7-572B1FFF5E5C}.Debug|Any CPU.Build.0 = Debug|Any CPU
		{FCA61C57-2F0E-4A6F-B3B7-572B1FFF5E5C}.Release|Any CPU.ActiveCfg = Release|Any CPU
		{FCA61C57-2F0E-4A6F-B3B7-572B1FFF5E5C}.Release|Any CPU.Build.0 = Release|Any CPU
		{15E1C05C-EA79-44A1-A262-2EB7E5BD6EBE}.Debug|Any CPU.ActiveCfg = Debug|Any CPU
		{15E1C05C-EA79-44A1-A262-2EB7E5BD6EBE}.Debug|Any CPU.Build.0 = Debug|Any CPU
		{15E1C05C-EA79-44A1-A262-2EB7E5BD6EBE}.Release|Any CPU.ActiveCfg = Release|Any CPU
		{15E1C05C-EA79-44A1-A262-2EB7E5BD6EBE}.Release|Any CPU.Build.0 = Release|Any CPU
		{C645C960-10F7-4872-881F-0444A76610D7}.Debug|Any CPU.ActiveCfg = Debug|Any CPU
		{C645C960-10F7-4872-881F-0444A76610D7}.Debug|Any CPU.Build.0 = Debug|Any CPU
		{C645C960-10F7-4872-881F-0444A76610D7}.Release|Any CPU.ActiveCfg = Release|Any CPU
		{C645C960-10F7-4872-881F-0444A76610D7}.Release|Any CPU.Build.0 = Release|Any CPU
		{2E366DC5-A09C-40C9-96EF-55C3F10787AC}.Debug|Any CPU.ActiveCfg = Debug|Any CPU
		{2E366DC5-A09C-40C9-96EF-55C3F10787AC}.Debug|Any CPU.Build.0 = Debug|Any CPU
		{2E366DC5-A09C-40C9-96EF-55C3F10787AC}.Release|Any CPU.ActiveCfg = Release|Any CPU
		{2E366DC5-A09C-40C9-96EF-55C3F10787AC}.Release|Any CPU.Build.0 = Release|Any CPU
		{4D59BF3D-082E-45E8-8EAA-95D992E418C1}.Debug|Any CPU.ActiveCfg = Debug|Any CPU
		{4D59BF3D-082E-45E8-8EAA-95D992E418C1}.Debug|Any CPU.Build.0 = Debug|Any CPU
		{4D59BF3D-082E-45E8-8EAA-95D992E418C1}.Release|Any CPU.ActiveCfg = Release|Any CPU
		{4D59BF3D-082E-45E8-8EAA-95D992E418C1}.Release|Any CPU.Build.0 = Release|Any CPU
		{3510745A-B366-4E67-8EAB-EBB794B95ADE}.Debug|Any CPU.ActiveCfg = Debug|Any CPU
		{3510745A-B366-4E67-8EAB-EBB794B95ADE}.Debug|Any CPU.Build.0 = Debug|Any CPU
		{3510745A-B366-4E67-8EAB-EBB794B95ADE}.Release|Any CPU.ActiveCfg = Release|Any CPU
		{3510745A-B366-4E67-8EAB-EBB794B95ADE}.Release|Any CPU.Build.0 = Release|Any CPU
	EndGlobalSection
	GlobalSection(SolutionProperties) = preSolution
		HideSolutionNode = FALSE
	EndGlobalSection
	GlobalSection(NestedProjects) = preSolution
		{7BD787AD-D7A1-4F37-9359-A252312635A6} = {02EA681E-C7D8-13C7-8484-4AC65E1B71E8}
		{CF311497-0AFC-412C-B9B6-C307CA5FB7D9} = {02EA681E-C7D8-13C7-8484-4AC65E1B71E8}
		{90D24EC3-A73F-4AA6-AAF6-CD1F9DE92BA5} = {02EA681E-C7D8-13C7-8484-4AC65E1B71E8}
		{9B4C38E1-3412-406F-AE60-3967DDB07873} = {94131791-8C8D-4280-A7A6-D420BA994DD4}
		{FFED465B-F410-45F5-A682-0012391B684C} = {94131791-8C8D-4280-A7A6-D420BA994DD4}
		{E431E6C5-F135-4576-9A03-578563E35DE3} = {94131791-8C8D-4280-A7A6-D420BA994DD4}
		{FCA61C57-2F0E-4A6F-B3B7-572B1FFF5E5C} = {E2D5A12A-1451-4CFC-A23A-4900AEB53252}
		{15E1C05C-EA79-44A1-A262-2EB7E5BD6EBE} = {E2D5A12A-1451-4CFC-A23A-4900AEB53252}
		{C645C960-10F7-4872-881F-0444A76610D7} = {E2D5A12A-1451-4CFC-A23A-4900AEB53252}
		{2E366DC5-A09C-40C9-96EF-55C3F10787AC} = {04946B29-C94E-4B49-A3A6-243A5805D1A3}
		{4D59BF3D-082E-45E8-8EAA-95D992E418C1} = {04946B29-C94E-4B49-A3A6-243A5805D1A3}
		{3510745A-B366-4E67-8EAB-EBB794B95ADE} = {04946B29-C94E-4B49-A3A6-243A5805D1A3}
	EndGlobalSection
	GlobalSection(ExtensibilityGlobals) = postSolution
		SolutionGuid = {558B73BA-F399-4B02-9DD5-37B210FDB7D8}
	EndGlobalSection
EndGlobal
