
Microsoft Visual Studio Solution File, Format Version 12.00
# Visual Studio Version 17
VisualStudioVersion = 17.14.36518.9
MinimumVisualStudioVersion = 10.0.40219.1
Project("{2150E333-8FDC-42A3-9474-1A3956D46DE8}") = "Task0", "Task0", "{02EA681E-C7D8-13C7-8484-4AC65E1B71E8}"
EndProject
Project("{FAE04EC0-301F-11D3-BF4B-00C04F79EFBC}") = "Tyuiu.KilikaevRV.Sprint6.Task0.V8.Lib", "Tyuiu.KilikaevRV.Sprint6.Task0.V8.Lib\Tyuiu.KilikaevRV.Sprint6.Task0.V8.Lib.csproj", "{7BD787AD-D7A1-4F37-9359-A252312635A6}"
EndProject
Project("{FAE04EC0-301F-11D3-BF4B-00C04F79EFBC}") = "Tyuiu.KilikaevRV.Sprint6.Task0.V8.Test", "Tyuiu.KilikaevRV.Sprint6.Task0.V8.Test\Tyuiu.KilikaevRV.Sprint6.Task0.V8.Test.csproj", "{CF311497-0AFC-412C-B9B6-C307CA5FB7D9}"
EndProject
Project("{FAE04EC0-301F-11D3-BF4B-00C04F79EFBC}") = "Tyuiu.KilikaevRV.Sprint6.Task0.V8", "Tyuiu.KilikaevRV.Sprint6.Task0.V8\Tyuiu.KilikaevRV.Sprint6.Task0.V8.csproj", "{90D24EC3-A73F-4AA6-AAF6-CD1F9DE92BA5}"
EndProject
Project("{2150E333-8FDC-42A3-9474-1A3956D46DE8}") = "Task1", "Task1", "{94131791-8C8D-4280-A7A6-D420BA994DD4}"
EndProject
Project("{FAE04EC0-301F-11D3-BF4B-00C04F79EFBC}") = "Tyuiu.KilikaevRV.Sprint6.Task1.V26.Test", "Tyuiu.KilikaevRV.Sprint6.Task1.V26.Test\Tyuiu.KilikaevRV.Sprint6.Task1.V26.Test.csproj", "{9B4C38E1-3412-406F-AE60-3967DDB07873}"
EndProject
Project("{FAE04EC0-301F-11D3-BF4B-00C04F79EFBC}") = "Tyuiu.KilikaevRV.Sprint6.Task1.V26.Lib", "Tyuiu.KilikaevRV.Sprint6.Task1.V26.Lib\Tyuiu.KilikaevRV.Sprint6.Task1.V26.Lib.csproj", "{FFED465B-F410-45F5-A682-0012391B684C}"
EndProject
Project("{FAE04EC0-301F-11D3-BF4B-00C04F79EFBC}") = "Tyuiu.KilikaevRV.Sprint6.Task1.V26", "Tyuiu.KilikaevRV.Sprint6.Task1.V26\Tyuiu.KilikaevRV.Sprint6.Task1.V26.csproj", "{E431E6C5-F135-4576-9A03-578563E35DE3}"
EndProject
Project("{2150E333-8FDC-42A3-9474-1A3956D46DE8}") = "Task2", "Task2", "{E2D5A12A-1451-4CFC-A23A-4900AEB53252}"
EndProject
Project("{FAE04EC0-301F-11D3-BF4B-00C04F79EFBC}") = "Tyuiu.KilikaevRV.Sprint6.Task2.V12.Lib", "Tyuiu.KilikaevRV.Sprint6.Task2.V12.Lib\Tyuiu.KilikaevRV.Sprint6.Task2.V12.Lib.csproj", "{FCA61C57-2F0E-4A6F-B3B7-572B1FFF5E5C}"
EndProject
Project("{FAE04EC0-301F-11D3-BF4B-00C04F79EFBC}") = "Tyuiu.KilikaevRV.Sprint6.Task2.V12", "Tyuiu.KilikaevRV.Sprint6.Task2.V12\Tyuiu.KilikaevRV.Sprint6.Task2.V12.csproj", "{15E1C05C-EA79-44A1-A262-2EB7E5BD6EBE}"
EndProject
Project("{FAE04EC0-301F-11D3-BF4B-00C04F79EFBC}") = "Tyuiu.KilikaevRV.Sprint6.Task2.V12.Test", "Tyuiu.KilikaevRV.Sprint6.Task2.V12.Test\Tyuiu.KilikaevRV.Sprint6.Task2.V12.Test.csproj", "{C645C960-10F7-4872-881F-0444A76610D7}"
EndProject
Project("{2150E333-8FDC-42A3-9474-1A3956D46DE8}") = "Task3", "Task3", "{04946B29-C94E-4B49-A3A6-243A5805D1A3}"
EndProject
Project("{FAE04EC0-301F-11D3-BF4B-00C04F79EFBC}") = "Tyuiu.KilikaevRV.Sprint6.Task3.V20", "Tyuiu.KilikaevRV.Sprint6.Task3.V20\Tyuiu.KilikaevRV.Sprint6.Task3.V20.csproj", "{2E366DC5-A09C-40C9-96EF-55C3F10787AC}"
EndProject
Project("{FAE04EC0-301F-11D3-BF4B-00C04F79EFBC}") = "Tyuiu.KilikaevRV.Sprint6.Task3.V20.Lib", "Tyuiu.KilikaevRV.Sprint6.Task3.V20.Lib\Tyuiu.KilikaevRV.Sprint6.Task3.V20.Lib.csproj", "{4D59BF3D-082E-45E8-8EAA-95D992E418C1}"
EndProject
Project("{FAE04EC0-301F-11D3-BF4B-00C04F79EFBC}") = "Tyuiu.KilikaevRV.Sprint6.Task3.V20.Test", "Tyuiu.KilikaevRV.Sprint6.Task3.V20.Test\Tyuiu.KilikaevRV.Sprint6.Task3.V20.Test.csproj", "{3510745A-B366-4E67-8EAB-EBB794B95ADE}"
EndProject
Project("{2150E333-8FDC-42A3-9474-1A3956D46DE8}") = "Task4", "Task4", "{C086BD5C-8480-428A-8324-CAAAA09B7B73}"
EndProject
Project("{FAE04EC0-301F-11D3-BF4B-00C04F79EFBC}") = "Tyuiu.KilikaevRV.Sprint6.Task4.V19.Test", "Tyuiu.KilikaevRV.Sprint6.Task4.V19.Test\Tyuiu.KilikaevRV.Sprint6.Task4.V19.Test.csproj", "{4581810F-6787-463D-8B05-C6F9B9438F9D}"
EndProject
Project("{FAE04EC0-301F-11D3-BF4B-00C04F79EFBC}") = "Tyuiu.KilikaevRV.Sprint6.Task4.V19.Lib", "Tyuiu.KilikaevRV.Sprint6.Task4.V19.Lib\Tyuiu.KilikaevRV.Sprint6.Task4.V19.Lib.csproj", "{58972169-7854-495B-88DF-F359EF284459}"
EndProject
Project("{FAE04EC0-301F-11D3-BF4B-00C04F79EFBC}") = "Tyuiu.KilikaevRV.Sprint6.Task4.V19", "Tyuiu.KilikaevRV.Sprint6.Task4.V19\Tyuiu.KilikaevRV.Sprint6.Task4.V19.csproj", "{3E85FC2C-6109-4E5A-8AD2-E181CA6A0D2E}"
EndProject
Project("{2150E333-8FDC-42A3-9474-1A3956D46DE8}") = "Task5", "Task5", "{A7591AED-2571-4598-A25B-2F7F71AB3B1B}"
EndProject
Project("{FAE04EC0-301F-11D3-BF4B-00C04F79EFBC}") = "Tyuiu.KilikaevRV.Sprint6.Task5.V16", "Tyuiu.KilikaevRV.Sprint6.Task5.V16\Tyuiu.KilikaevRV.Sprint6.Task5.V16.csproj", "{2EF478C5-30DD-406F-A906-7CEAE3F7C0B0}"
EndProject
Project("{FAE04EC0-301F-11D3-BF4B-00C04F79EFBC}") = "Tyuiu.KilikaevRV.Sprint6.Task5.V16.Lib", "Tyuiu.KilikaevRV.Sprint6.Task5.V16.Lib\Tyuiu.KilikaevRV.Sprint6.Task5.V16.Lib.csproj", "{E900164F-4884-45E3-9200-E5912F74CB49}"
EndProject
Project("{FAE04EC0-301F-11D3-BF4B-00C04F79EFBC}") = "Tyuiu.KilikaevRV.Sprint6.Task5.V16.Test", "Tyuiu.KilikaevRV.Sprint6.Task5.V16.Test\Tyuiu.KilikaevRV.Sprint6.Task5.V16.Test.csproj", "{2C0D5EB8-4872-438C-B4F6-4FBBFC4DC5C0}"
EndProject
Project("{2150E333-8FDC-42A3-9474-1A3956D46DE8}") = "Task6", "Task6", "{88A3AE47-127A-4865-BB6A-7A9CB045F5CF}"
EndProject
Project("{FAE04EC0-301F-11D3-BF4B-00C04F79EFBC}") = "Tyuiu.KilikaevRV.Sprint6.Task6.V23.Test", "Tyuiu.KilikaevRV.Sprint6.Task6.V23.Test\Tyuiu.KilikaevRV.Sprint6.Task6.V23.Test.csproj", "{7E2D1D45-7A7D-43C1-BDE2-12E52C7174CE}"
EndProject
Project("{FAE04EC0-301F-11D3-BF4B-00C04F79EFBC}") = "Tyuiu.KilikaevRV.Sprint6.Task6.V23.Lib", "Tyuiu.KilikaevRV.Sprint6.Task6.V23.Lib\Tyuiu.KilikaevRV.Sprint6.Task6.V23.Lib.csproj", "{0E1FD5FE-014B-4B9A-A28E-80BEAB87E913}"
EndProject
Project("{FAE04EC0-301F-11D3-BF4B-00C04F79EFBC}") = "Tyuiu.KilikaevRV.Sprint6.Task6.V23", "Tyuiu.KilikaevRV.Sprint6.Task6.V23\Tyuiu.KilikaevRV.Sprint6.Task6.V23.csproj", "{42950040-6A84-4F28-A024-6CA2AB1D434A}"
EndProject
Global
	GlobalSection(SolutionConfigurationPlatforms) = preSolution
		Debug|Any CPU = Debug|Any CPU
		Release|Any CPU = Release|Any CPU
	EndGlobalSection
	GlobalSection(ProjectConfigurationPlatforms) = postSolution
		{7BD787AD-D7A1-4F37-9359-A252312635A6}.Debug|Any CPU.ActiveCfg = Debug|Any CPU
		{7BD787AD-D7A1-4F37-9359-A252312635A6}.Debug|Any CPU.Build.0 = Debug|Any CPU
		{7BD787AD-D7A1-4F37-9359-A252312635A6}.Release|Any CPU.ActiveCfg = Release|Any CPU
		{7BD787AD-D7A1-4F37-9359-A252312635A6}.Release|Any CPU.Build.0 = Release|Any CPU
		{CF311497-0AFC-412C-B9B6-C307CA5FB7D9}.Debug|Any CPU.ActiveCfg = Debug|Any CPU
		{CF311497-0AFC-412C-B9B6-C307CA5FB7D9}.Debug|Any CPU.Build.0 = Debug|Any CPU
		{CF311497-0AFC-412C-B9B6-C307CA5FB7D9}.Release|Any CPU.ActiveCfg = Release|Any CPU
		{CF311497-0AFC-412C-B9B6-C307CA5FB7D9}.Release|Any CPU.Build.0 = Release|Any CPU
		{90D24EC3-A73F-4AA6-AAF6-CD1F9DE92BA5}.Debug|Any CPU.ActiveCfg = Debug|Any CPU
		{90D24EC3-A73F-4AA6-AAF6-CD1F9DE92BA5}.Debug|Any CPU.Build.0 = Debug|Any CPU
		{90D24EC3-A73F-4AA6-AAF6-CD1F9DE92BA5}.Release|Any CPU.ActiveCfg = Release|Any CPU
		{90D24EC3-A73F-4AA6-AAF6-CD1F9DE92BA5}.Release|Any CPU.Build.0 = Release|Any CPU
		{9B4C38E1-3412-406F-AE60-3967DDB07873}.Debug|Any CPU.ActiveCfg = Debug|Any CPU
		{9B4C38E1-3412-406F-AE60-3967DDB07873}.Debug|Any CPU.Build.0 = Debug|Any CPU
		{9B4C38E1-3412-406F-AE60-3967DDB07873}.Release|Any CPU.ActiveCfg = Release|Any CPU
		{9B4C38E1-3412-406F-AE60-3967DDB07873}.Release|Any CPU.Build.0 = Release|Any CPU
		{FFED465B-F410-45F5-A682-0012391B684C}.Debug|Any CPU.ActiveCfg = Debug|Any CPU
		{FFED465B-F410-45F5-A682-0012391B684C}.Debug|Any CPU.Build.0 = Debug|Any CPU
		{FFED465B-F410-45F5-A682-0012391B684C}.Release|Any CPU.ActiveCfg = Release|Any CPU
		{FFED465B-F410-45F5-A682-0012391B684C}.Release|Any CPU.Build.0 = Release|Any CPU
		{E431E6C5-F135-4576-9A03-578563E35DE3}.Debug|Any CPU.ActiveCfg = Debug|Any CPU
		{E431E6C5-F135-4576-9A03-578563E35DE3}.Debug|Any CPU.Build.0 = Debug|Any CPU
		{E431E6C5-F135-4576-9A03-578563E35DE3}.Release|Any CPU.ActiveCfg = Release|Any CPU
		{E431E6C5-F135-4576-9A03-578563E35DE3}.Release|Any CPU.Build.0 = Release|Any CPU
		{FCA61C57-2F0E-4A6F-B3B7-572B1FFF5E5C}.Debug|Any CPU.ActiveCfg = Debug|Any CPU
		{FCA61C57-2F0E-4A6F-B3B7-572B1FFF5E5C}.Debug|Any CPU.Build.0 = Debug|Any CPU
		{FCA61C57-2F0E-4A6F-B3B7-572B1FFF5E5C}.Release|Any CPU.ActiveCfg = Release|Any CPU
		{FCA61C57-2F0E-4A6F-B3B7-572B1FFF5E5C}.Release|Any CPU.Build.0 = Release|Any CPU
		{15E1C05C-EA79-44A1-A262-2EB7E5BD6EBE}.Debug|Any CPU.ActiveCfg = Debug|Any CPU
		{15E1C05C-EA79-44A1-A262-2EB7E5BD6EBE}.Debug|Any CPU.Build.0 = Debug|Any CPU
		{15E1C05C-EA79-44A1-A262-2EB7E5BD6EBE}.Release|Any CPU.ActiveCfg = Release|Any CPU
		{15E1C05C-EA79-44A1-A262-2EB7E5BD6EBE}.Release|Any CPU.Build.0 = Release|Any CPU
		{C645C960-10F7-4872-881F-0444A76610D7}.Debug|Any CPU.ActiveCfg = Debug|Any CPU
		{C645C960-10F7-4872-881F-0444A76610D7}.Debug|Any CPU.Build.0 = Debug|Any CPU
		{C645C960-10F7-4872-881F-0444A76610D7}.Release|Any CPU.ActiveCfg = Release|Any CPU
		{C645C960-10F7-4872-881F-0444A76610D7}.Release|Any CPU.Build.0 = Release|Any CPU
		{2E366DC5-A09C-40C9-96EF-55C3F10787AC}.Debug|Any CPU.ActiveCfg = Debug|Any CPU
		{2E366DC5-A09C-40C9-96EF-55C3F10787AC}.Debug|Any CPU.Build.0 = Debug|Any CPU
		{2E366DC5-A09C-40C9-96EF-55C3F10787AC}.Release|Any CPU.ActiveCfg = Release|Any CPU
		{2E366DC5-A09C-40C9-96EF-55C3F10787AC}.Release|Any CPU.Build.0 = Release|Any CPU
		{4D59BF3D-082E-45E8-8EAA-95D992E418C1}.Debug|Any CPU.ActiveCfg = Debug|Any CPU
		{4D59BF3D-082E-45E8-8EAA-95D992E418C1}.Debug|Any CPU.Build.0 = Debug|Any CPU
		{4D59BF3D-082E-45E8-8EAA-95D992E418C1}.Release|Any CPU.ActiveCfg = Release|Any CPU
		{4D59BF3D-082E-45E8-8EAA-95D992E418C1}.Release|Any CPU.Build.0 = Release|Any CPU
		{3510745A-B366-4E67-8EAB-EBB794B95ADE}.Debug|Any CPU.ActiveCfg = Debug|Any CPU
		{3510745A-B366-4E67-8EAB-EBB794B95ADE}.Debug|Any CPU.Build.0 = Debug|Any CPU
		{3510745A-B366-4E67-8EAB-EBB794B95ADE}.Release|Any CPU.ActiveCfg = Release|Any CPU
		{3510745A-B366-4E67-8EAB-EBB794B95ADE}.Release|Any CPU.Build.0 = Release|Any CPU
		{4581810F-6787-463D-8B05-C6F9B9438F9D}.Debug|Any CPU.ActiveCfg = Debug|Any CPU
		{4581810F-6787-463D-8B05-C6F9B9438F9D}.Debug|Any CPU.Build.0 = Debug|Any CPU
		{4581810F-6787-463D-8B05-C6F9B9438F9D}.Release|Any CPU.ActiveCfg = Release|Any CPU
		{4581810F-6787-463D-8B05-C6F9B9438F9D}.Release|Any CPU.Build.0 = Release|Any CPU
		{58972169-7854-495B-88DF-F359EF284459}.Debug|Any CPU.ActiveCfg = Debug|Any CPU
		{58972169-7854-495B-88DF-F359EF284459}.Debug|Any CPU.Build.0 = Debug|Any CPU
		{58972169-7854-495B-88DF-F359EF284459}.Release|Any CPU.ActiveCfg = Release|Any CPU
		{58972169-7854-495B-88DF-F359EF284459}.Release|Any CPU.Build.0 = Release|Any CPU
		{3E85FC2C-6109-4E5A-8AD2-E181CA6A0D2E}.Debug|Any CPU.ActiveCfg = Debug|Any CPU
		{3E85FC2C-6109-4E5A-8AD2-E181CA6A0D2E}.Debug|Any CPU.Build.0 = Debug|Any CPU
		{3E85FC2C-6109-4E5A-8AD2-E181CA6A0D2E}.Release|Any CPU.ActiveCfg = Release|Any CPU
		{3E85FC2C-6109-4E5A-8AD2-E181CA6A0D2E}.Release|Any CPU.Build.0 = Release|Any CPU
		{2EF478C5-30DD-406F-A906-7CEAE3F7C0B0}.Debug|Any CPU.ActiveCfg = Debug|Any CPU
		{2EF478C5-30DD-406F-A906-7CEAE3F7C0B0}.Debug|Any CPU.Build.0 = Debug|Any CPU
		{2EF478C5-30DD-406F-A906-7CEAE3F7C0B0}.Release|Any CPU.ActiveCfg = Release|Any CPU
		{2EF478C5-30DD-406F-A906-7CEAE3F7C0B0}.Release|Any CPU.Build.0 = Release|Any CPU
		{E900164F-4884-45E3-9200-E5912F74CB49}.Debug|Any CPU.ActiveCfg = Debug|Any CPU
		{E900164F-4884-45E3-9200-E5912F74CB49}.Debug|Any CPU.Build.0 = Debug|Any CPU
		{E900164F-4884-45E3-9200-E5912F74CB49}.Release|Any CPU.ActiveCfg = Release|Any CPU
		{E900164F-4884-45E3-9200-E5912F74CB49}.Release|Any CPU.Build.0 = Release|Any CPU
		{2C0D5EB8-4872-438C-B4F6-4FBBFC4DC5C0}.Debug|Any CPU.ActiveCfg = Debug|Any CPU
		{2C0D5EB8-4872-438C-B4F6-4FBBFC4DC5C0}.Debug|Any CPU.Build.0 = Debug|Any CPU
		{2C0D5EB8-4872-438C-B4F6-4FBBFC4DC5C0}.Release|Any CPU.ActiveCfg = Release|Any CPU
		{2C0D5EB8-4872-438C-B4F6-4FBBFC4DC5C0}.Release|Any CPU.Build.0 = Release|Any CPU
		{7E2D1D45-7A7D-43C1-BDE2-12E52C7174CE}.Debug|Any CPU.ActiveCfg = Debug|Any CPU
		{7E2D1D45-7A7D-43C1-BDE2-12E52C7174CE}.Debug|Any CPU.Build.0 = Debug|Any CPU
		{7E2D1D45-7A7D-43C1-BDE2-12E52C7174CE}.Release|Any CPU.ActiveCfg = Release|Any CPU
		{7E2D1D45-7A7D-43C1-BDE2-12E52C7174CE}.Release|Any CPU.Build.0 = Release|Any CPU
		{0E1FD5FE-014B-4B9A-A28E-80BEAB87E913}.Debug|Any CPU.ActiveCfg = Debug|Any CPU
		{0E1FD5FE-014B-4B9A-A28E-80BEAB87E913}.Debug|Any CPU.Build.0 = Debug|Any CPU
		{0E1FD5FE-014B-4B9A-A28E-80BEAB87E913}.Release|Any CPU.ActiveCfg = Release|Any CPU
		{0E1FD5FE-014B-4B9A-A28E-80BEAB87E913}.Release|Any CPU.Build.0 = Release|Any CPU
		{42950040-6A84-4F28-A024-6CA2AB1D434A}.Debug|Any CPU.ActiveCfg = Debug|Any CPU
		{42950040-6A84-4F28-A024-6CA2AB1D434A}.Debug|Any CPU.Build.0 = Debug|Any CPU
		{42950040-6A84-4F28-A024-6CA2AB1D434A}.Release|Any CPU.ActiveCfg = Release|Any CPU
		{42950040-6A84-4F28-A024-6CA2AB1D434A}.Release|Any CPU.Build.0 = Release|Any CPU
	EndGlobalSection
	GlobalSection(SolutionProperties) = preSolution
		HideSolutionNode = FALSE
	EndGlobalSection
	GlobalSection(NestedProjects) = preSolution
		{7BD787AD-D7A1-4F37-9359-A252312635A6} = {02EA681E-C7D8-13C7-8484-4AC65E1B71E8}
		{CF311497-0AFC-412C-B9B6-C307CA5FB7D9} = {02EA681E-C7D8-13C7-8484-4AC65E1B71E8}
		{90D24EC3-A73F-4AA6-AAF6-CD1F9DE92BA5} = {02EA681E-C7D8-13C7-8484-4AC65E1B71E8}
		{9B4C38E1-3412-406F-AE60-3967DDB07873} = {94131791-8C8D-4280-A7A6-D420BA994DD4}
		{FFED465B-F410-45F5-A682-0012391B684C} = {94131791-8C8D-4280-A7A6-D420BA994DD4}
		{E431E6C5-F135-4576-9A03-578563E35DE3} = {94131791-8C8D-4280-A7A6-D420BA994DD4}
		{FCA61C57-2F0E-4A6F-B3B7-572B1FFF5E5C} = {E2D5A12A-1451-4CFC-A23A-4900AEB53252}
		{15E1C05C-EA79-44A1-A262-2EB7E5BD6EBE} = {E2D5A12A-1451-4CFC-A23A-4900AEB53252}
		{C645C960-10F7-4872-881F-0444A76610D7} = {E2D5A12A-1451-4CFC-A23A-4900AEB53252}
		{2E366DC5-A09C-40C9-96EF-55C3F10787AC} = {04946B29-C94E-4B49-A3A6-243A5805D1A3}
		{4D59BF3D-082E-45E8-8EAA-95D992E418C1} = {04946B29-C94E-4B49-A3A6-243A5805D1A3}
		{3510745A-B366-4E67-8EAB-EBB794B95ADE} = {04946B29-C94E-4B49-A3A6-243A5805D1A3}
		{4581810F-6787-463D-8B05-C6F9B9438F9D} = {C086BD5C-8480-428A-8324-CAAAA09B7B73}
		{58972169-7854-495B-88DF-F359EF284459} = {C086BD5C-8480-428A-8324-CAAAA09B7B73}
		{3E85FC2C-6109-4E5A-8AD2-E181CA6A0D2E} = {C086BD5C-8480-428A-8324-CAAAA09B7B73}
		{2EF478C5-30DD-406F-A906-7CEAE3F7C0B0} = {A7591AED-2571-4598-A25B-2F7F71AB3B1B}
		{2C0D5EB8-4872-438C-B4F6-4FBBFC4DC5C0} = {A7591AED-2571-4598-A25B-2F7F71AB3B1B}
		{7E2D1D45-7A7D-43C1-BDE2-12E52C7174CE} = {88A3AE47-127A-4865-BB6A-7A9CB045F5CF}
		{0E1FD5FE-014B-4B9A-A28E-80BEAB87E913} = {88A3AE47-127A-4865-BB6A-7A9CB045F5CF}
		{42950040-6A84-4F28-A024-6CA2AB1D434A} = {88A3AE47-127A-4865-BB6A-7A9CB045F5CF}
	EndGlobalSection
	GlobalSection(ExtensibilityGlobals) = postSolution
		SolutionGuid = {558B73BA-F399-4B02-9DD5-37B210FDB7D8}
	EndGlobalSection
EndGlobal
