
Microsoft Visual Studio Solution File, Format Version 12.00
# Visual Studio Version 17
VisualStudioVersion = 17.14.36518.9
MinimumVisualStudioVersion = 10.0.40219.1
Project("{2150E333-8FDC-42A3-9474-1A3956D46DE8}") = "Task0", "Task0", "{02EA681E-C7D8-13C7-8484-4AC65E1B71E8}"
EndProject
Project("{FAE04EC0-301F-11D3-BF4B-00C04F79EFBC}") = "Tyuiu.KilikaevRV.Sprint6.Task0.V8.Lib", "Tyuiu.KilikaevRV.Sprint6.Task0.V8.Lib\Tyuiu.KilikaevRV.Sprint6.Task0.V8.Lib.csproj", "{7BD787AD-D7A1-4F37-9359-A252312635A6}"
EndProject
Project("{FAE04EC0-301F-11D3-BF4B-00C04F79EFBC}") = "Tyuiu.KilikaevRV.Sprint6.Task0.V8.Test", "Tyuiu.KilikaevRV.Sprint6.Task0.V8.Test\Tyuiu.KilikaevRV.Sprint6.Task0.V8.Test.csproj", "{CF311497-0AFC-412C-B9B6-C307CA5FB7D9}"
EndProject
Project("{FAE04EC0-301F-11D3-BF4B-00C04F79EFBC}") = "Tyuiu.KilikaevRV.Sprint6.Task0.V8", "Tyuiu.KilikaevRV.Sprint6.Task0.V8\Tyuiu.KilikaevRV.Sprint6.Task0.V8.csproj", "{90D24EC3-A73F-4AA6-AAF6-CD1F9DE92BA5}"
EndProject
Global
	GlobalSection(SolutionConfigurationPlatforms) = preSolution
		Debug|Any CPU = Debug|Any CPU
		Release|Any CPU = Release|Any CPU
	EndGlobalSection
	GlobalSection(ProjectConfigurationPlatforms) = postSolution
		{7BD787AD-D7A1-4F37-9359-A252312635A6}.Debug|Any CPU.ActiveCfg = Debug|Any CPU
		{7BD787AD-D7A1-4F37-9359-A252312635A6}.Debug|Any CPU.Build.0 = Debug|Any CPU
		{7BD787AD-D7A1-4F37-9359-A252312635A6}.Release|Any CPU.ActiveCfg = Release|Any CPU
		{7BD787AD-D7A1-4F37-9359-A252312635A6}.Release|Any CPU.Build.0 = Release|Any CPU
		{CF311497-0AFC-412C-B9B6-C307CA5FB7D9}.Debug|Any CPU.ActiveCfg = Debug|Any CPU
		{CF311497-0AFC-412C-B9B6-C307CA5FB7D9}.Debug|Any CPU.Build.0 = Debug|Any CPU
		{CF311497-0AFC-412C-B9B6-C307CA5FB7D9}.Release|Any CPU.ActiveCfg = Release|Any CPU
		{CF311497-0AFC-412C-B9B6-C307CA5FB7D9}.Release|Any CPU.Build.0 = Release|Any CPU
		{90D24EC3-A73F-4AA6-AAF6-CD1F9DE92BA5}.Debug|Any CPU.ActiveCfg = Debug|Any CPU
		{90D24EC3-A73F-4AA6-AAF6-CD1F9DE92BA5}.Debug|Any CPU.Build.0 = Debug|Any CPU
		{90D24EC3-A73F-4AA6-AAF6-CD1F9DE92BA5}.Release|Any CPU.ActiveCfg = Release|Any CPU
		{90D24EC3-A73F-4AA6-AAF6-CD1F9DE92BA5}.Release|Any CPU.Build.0 = Release|Any CPU
	EndGlobalSection
	GlobalSection(SolutionProperties) = preSolution
		HideSolutionNode = FALSE
	EndGlobalSection
	GlobalSection(NestedProjects) = preSolution
		{7BD787AD-D7A1-4F37-9359-A252312635A6} = {02EA681E-C7D8-13C7-8484-4AC65E1B71E8}
		{CF311497-0AFC-412C-B9B6-C307CA5FB7D9} = {02EA681E-C7D8-13C7-8484-4AC65E1B71E8}
		{90D24EC3-A73F-4AA6-AAF6-CD1F9DE92BA5} = {02EA681E-C7D8-13C7-8484-4AC65E1B71E8}
	EndGlobalSection
	GlobalSection(ExtensibilityGlobals) = postSolution
		SolutionGuid = {558B73BA-F399-4B02-9DD5-37B210FDB7D8}
	EndGlobalSection
EndGlobal
